{"is_source_file": false, "format": "", "description": "", "external_files": [], "external_methods": [], "published": [], "classes": [], "methods": [], "calls": [], "search-terms": [], "state": 2, "file_id": 113, "knowledge_revision": 252, "git_revision": "0c2bda1c15a528303e5f8be32f11356a853b75a2", "hash": "e9b4c3b42cef0193b7fddb548d37e652", "format-version": 4, "code-base-name": "default", "filename": "fintrackpro/post_process_status.lock", "revision_history": [{"252": "0c2bda1c15a528303e5f8be32f11356a853b75a2"}]}